// !$*UTF8*$!
{
	archiveVersion = 1;
	classes = {
	};
	objectVersion = 55;
	objects = {

/* Begin PBXBuildFile section */
		036184FB278DD09900F1F16B /* AppDelegate.swift in Sources */ = {isa = PBXBuildFile; fileRef = 036184FA278DD09900F1F16B /* AppDelegate.swift */; };
		036184FD278DD09900F1F16B /* SceneDelegate.swift in Sources */ = {isa = PBXBuildFile; fileRef = 036184FC278DD09900F1F16B /* SceneDelegate.swift */; };
		03618504278DD09D00F1F16B /* Assets.xcassets in Resources */ = {isa = PBXBuildFile; fileRef = 03618503278DD09D00F1F16B /* Assets.xcassets */; };
		03618507278DD09D00F1F16B /* LaunchScreen.storyboard in Resources */ = {isa = PBXBuildFile; fileRef = 03618505278DD09D00F1F16B /* LaunchScreen.storyboard */; };
		03618512278DD09D00F1F16B /* SwinjectTestTests.swift in Sources */ = {isa = PBXBuildFile; fileRef = 03618511278DD09D00F1F16B /* SwinjectTestTests.swift */; };
		0361851C278DD09D00F1F16B /* SwinjectTestUITests.swift in Sources */ = {isa = PBXBuildFile; fileRef = 0361851B278DD09D00F1F16B /* SwinjectTestUITests.swift */; };
		0361851E278DD09D00F1F16B /* SwinjectTestUITestsLaunchTests.swift in Sources */ = {isa = PBXBuildFile; fileRef = 0361851D278DD09D00F1F16B /* SwinjectTestUITestsLaunchTests.swift */; };
		0361852D278E62FE00F1F16B /* PhotosReactor.swift in Sources */ = {isa = PBXBuildFile; fileRef = 0361852C278E62FE00F1F16B /* PhotosReactor.swift */; };
		03618533278E637100F1F16B /* Photographer.swift in Sources */ = {isa = PBXBuildFile; fileRef = 03618531278E637100F1F16B /* Photographer.swift */; };
		03618534278E637100F1F16B /* Photo.swift in Sources */ = {isa = PBXBuildFile; fileRef = 03618532278E637100F1F16B /* Photo.swift */; };
		03618536278E655100F1F16B /* PhotoViewController.swift in Sources */ = {isa = PBXBuildFile; fileRef = 03618535278E655100F1F16B /* PhotoViewController.swift */; };
		03618538278E671200F1F16B /* AppAssembler.swift in Sources */ = {isa = PBXBuildFile; fileRef = 03618537278E671200F1F16B /* AppAssembler.swift */; };
		0361853A278E679F00F1F16B /* PhotoAssembly.swift in Sources */ = {isa = PBXBuildFile; fileRef = 03618539278E679F00F1F16B /* PhotoAssembly.swift */; };
		0361853F278E6B9000F1F16B /* MyFont.swift in Sources */ = {isa = PBXBuildFile; fileRef = 0361853E278E6B9000F1F16B /* MyFont.swift */; };
		03618542278E6E8B00F1F16B /* MyColor.swift in Sources */ = {isa = PBXBuildFile; fileRef = 03618541278E6E8B00F1F16B /* MyColor.swift */; };
		03618544278E701E00F1F16B /* UIColor+Extension.swift in Sources */ = {isa = PBXBuildFile; fileRef = 03618543278E701E00F1F16B /* UIColor+Extension.swift */; };
		03618548278E738100F1F16B /* CoordinatorType.swift in Sources */ = {isa = PBXBuildFile; fileRef = 03618547278E738100F1F16B /* CoordinatorType.swift */; };
		0361854A278E73D600F1F16B /* AppCoordinator.swift in Sources */ = {isa = PBXBuildFile; fileRef = 03618549278E73D600F1F16B /* AppCoordinator.swift */; };
		0361854C278E758F00F1F16B /* UnsplashAPIType.swift in Sources */ = {isa = PBXBuildFile; fileRef = 0361854B278E758F00F1F16B /* UnsplashAPIType.swift */; };
		0361854E278E75B800F1F16B /* UnsplashAPI.swift in Sources */ = {isa = PBXBuildFile; fileRef = 0361854D278E75B800F1F16B /* UnsplashAPI.swift */; };
		03618557278F9CA600F1F16B /* RouterType.swift in Sources */ = {isa = PBXBuildFile; fileRef = 03618556278F9CA600F1F16B /* RouterType.swift */; };
		0361855B278F9E8700F1F16B /* RequestParams.swift in Sources */ = {isa = PBXBuildFile; fileRef = 0361855A278F9E8700F1F16B /* RequestParams.swift */; };
		0361855E278FA04C00F1F16B /* NetworkError.swift in Sources */ = {isa = PBXBuildFile; fileRef = 0361855D278FA04C00F1F16B /* NetworkError.swift */; };
		03618565278FBAA100F1F16B /* MySessionManager.swift in Sources */ = {isa = PBXBuildFile; fileRef = 03618564278FBAA100F1F16B /* MySessionManager.swift */; };
		03618567278FBB3600F1F16B /* MyInterceptor.swift in Sources */ = {isa = PBXBuildFile; fileRef = 03618566278FBB3600F1F16B /* MyInterceptor.swift */; };
		03618569278FC12600F1F16B /* MyLogger.swift in Sources */ = {isa = PBXBuildFile; fileRef = 03618568278FC12600F1F16B /* MyLogger.swift */; };
		0361856B278FC2FD00F1F16B /* MyRouter.swift in Sources */ = {isa = PBXBuildFile; fileRef = 0361856A278FC2FD00F1F16B /* MyRouter.swift */; };
		29F525C072D09C49130278FB /* Pods_SwinjectTest.framework in Frameworks */ = {isa = PBXBuildFile; fileRef = 8B0AA8AAB0F75A69DE0AC36F /* Pods_SwinjectTest.framework */; };
		678E645A6BED8A01D1F1CC46 /* Pods_SwinjectTest_SwinjectTestUITests.framework in Frameworks */ = {isa = PBXBuildFile; fileRef = F9372BCEBA1474AA9988F2E6 /* Pods_SwinjectTest_SwinjectTestUITests.framework */; };
		FEA4130D79D1CBFF2E7F8BE0 /* Pods_SwinjectTestTests.framework in Frameworks */ = {isa = PBXBuildFile; fileRef = 2502999DB7DA2E30639D3870 /* Pods_SwinjectTestTests.framework */; };
/* End PBXBuildFile section */

/* Begin PBXContainerItemProxy section */
		0361850E278DD09D00F1F16B /* PBXContainerItemProxy */ = {
			isa = PBXContainerItemProxy;
			containerPortal = 036184EF278DD09900F1F16B /* Project object */;
			proxyType = 1;
			remoteGlobalIDString = 036184F6278DD09900F1F16B;
			remoteInfo = SwinjectTest;
		};
		03618518278DD09D00F1F16B /* PBXContainerItemProxy */ = {
			isa = PBXContainerItemProxy;
			containerPortal = 036184EF278DD09900F1F16B /* Project object */;
			proxyType = 1;
			remoteGlobalIDString = 036184F6278DD09900F1F16B;
			remoteInfo = SwinjectTest;
		};
/* End PBXContainerItemProxy section */

/* Begin PBXFileReference section */
		0310512B5026000D4AA1CABB /* Pods-SwinjectTest-SwinjectTestUITests.release.xcconfig */ = {isa = PBXFileReference; includeInIndex = 1; lastKnownFileType = text.xcconfig; name = "Pods-SwinjectTest-SwinjectTestUITests.release.xcconfig"; path = "Target Support Files/Pods-SwinjectTest-SwinjectTestUITests/Pods-SwinjectTest-SwinjectTestUITests.release.xcconfig"; sourceTree = "<group>"; };
		036184F7278DD09900F1F16B /* SwinjectTest.app */ = {isa = PBXFileReference; explicitFileType = wrapper.application; includeInIndex = 0; path = SwinjectTest.app; sourceTree = BUILT_PRODUCTS_DIR; };
		036184FA278DD09900F1F16B /* AppDelegate.swift */ = {isa = PBXFileReference; lastKnownFileType = sourcecode.swift; path = AppDelegate.swift; sourceTree = "<group>"; };
		036184FC278DD09900F1F16B /* SceneDelegate.swift */ = {isa = PBXFileReference; lastKnownFileType = sourcecode.swift; path = SceneDelegate.swift; sourceTree = "<group>"; };
		03618503278DD09D00F1F16B /* Assets.xcassets */ = {isa = PBXFileReference; lastKnownFileType = folder.assetcatalog; path = Assets.xcassets; sourceTree = "<group>"; };
		03618506278DD09D00F1F16B /* Base */ = {isa = PBXFileReference; lastKnownFileType = file.storyboard; name = Base; path = Base.lproj/LaunchScreen.storyboard; sourceTree = "<group>"; };
		03618508278DD09D00F1F16B /* Info.plist */ = {isa = PBXFileReference; lastKnownFileType = text.plist.xml; path = Info.plist; sourceTree = "<group>"; };
		0361850D278DD09D00F1F16B /* SwinjectTestTests.xctest */ = {isa = PBXFileReference; explicitFileType = wrapper.cfbundle; includeInIndex = 0; path = SwinjectTestTests.xctest; sourceTree = BUILT_PRODUCTS_DIR; };
		03618511278DD09D00F1F16B /* SwinjectTestTests.swift */ = {isa = PBXFileReference; lastKnownFileType = sourcecode.swift; path = SwinjectTestTests.swift; sourceTree = "<group>"; };
		03618517278DD09D00F1F16B /* SwinjectTestUITests.xctest */ = {isa = PBXFileReference; explicitFileType = wrapper.cfbundle; includeInIndex = 0; path = SwinjectTestUITests.xctest; sourceTree = BUILT_PRODUCTS_DIR; };
		0361851B278DD09D00F1F16B /* SwinjectTestUITests.swift */ = {isa = PBXFileReference; lastKnownFileType = sourcecode.swift; path = SwinjectTestUITests.swift; sourceTree = "<group>"; };
		0361851D278DD09D00F1F16B /* SwinjectTestUITestsLaunchTests.swift */ = {isa = PBXFileReference; lastKnownFileType = sourcecode.swift; path = SwinjectTestUITestsLaunchTests.swift; sourceTree = "<group>"; };
		0361852C278E62FE00F1F16B /* PhotosReactor.swift */ = {isa = PBXFileReference; fileEncoding = 4; lastKnownFileType = sourcecode.swift; path = PhotosReactor.swift; sourceTree = "<group>"; };
		03618531278E637100F1F16B /* Photographer.swift */ = {isa = PBXFileReference; fileEncoding = 4; lastKnownFileType = sourcecode.swift; path = Photographer.swift; sourceTree = "<group>"; };
		03618532278E637100F1F16B /* Photo.swift */ = {isa = PBXFileReference; fileEncoding = 4; lastKnownFileType = sourcecode.swift; path = Photo.swift; sourceTree = "<group>"; };
		03618535278E655100F1F16B /* PhotoViewController.swift */ = {isa = PBXFileReference; lastKnownFileType = sourcecode.swift; path = PhotoViewController.swift; sourceTree = "<group>"; };
		03618537278E671200F1F16B /* AppAssembler.swift */ = {isa = PBXFileReference; lastKnownFileType = sourcecode.swift; path = AppAssembler.swift; sourceTree = "<group>"; };
		03618539278E679F00F1F16B /* PhotoAssembly.swift */ = {isa = PBXFileReference; lastKnownFileType = sourcecode.swift; path = PhotoAssembly.swift; sourceTree = "<group>"; };
		0361853E278E6B9000F1F16B /* MyFont.swift */ = {isa = PBXFileReference; lastKnownFileType = sourcecode.swift; path = MyFont.swift; sourceTree = "<group>"; };
		03618541278E6E8B00F1F16B /* MyColor.swift */ = {isa = PBXFileReference; lastKnownFileType = sourcecode.swift; path = MyColor.swift; sourceTree = "<group>"; };
		03618543278E701E00F1F16B /* UIColor+Extension.swift */ = {isa = PBXFileReference; lastKnownFileType = sourcecode.swift; path = "UIColor+Extension.swift"; sourceTree = "<group>"; };
		03618547278E738100F1F16B /* CoordinatorType.swift */ = {isa = PBXFileReference; lastKnownFileType = sourcecode.swift; path = CoordinatorType.swift; sourceTree = "<group>"; };
		03618549278E73D600F1F16B /* AppCoordinator.swift */ = {isa = PBXFileReference; lastKnownFileType = sourcecode.swift; path = AppCoordinator.swift; sourceTree = "<group>"; };
		0361854B278E758F00F1F16B /* UnsplashAPIType.swift */ = {isa = PBXFileReference; lastKnownFileType = sourcecode.swift; path = UnsplashAPIType.swift; sourceTree = "<group>"; };
		0361854D278E75B800F1F16B /* UnsplashAPI.swift */ = {isa = PBXFileReference; lastKnownFileType = sourcecode.swift; path = UnsplashAPI.swift; sourceTree = "<group>"; };
		03618556278F9CA600F1F16B /* RouterType.swift */ = {isa = PBXFileReference; lastKnownFileType = sourcecode.swift; path = RouterType.swift; sourceTree = "<group>"; };
		0361855A278F9E8700F1F16B /* RequestParams.swift */ = {isa = PBXFileReference; lastKnownFileType = sourcecode.swift; path = RequestParams.swift; sourceTree = "<group>"; };
		0361855D278FA04C00F1F16B /* NetworkError.swift */ = {isa = PBXFileReference; lastKnownFileType = sourcecode.swift; path = NetworkError.swift; sourceTree = "<group>"; };
		03618564278FBAA100F1F16B /* MySessionManager.swift */ = {isa = PBXFileReference; lastKnownFileType = sourcecode.swift; path = MySessionManager.swift; sourceTree = "<group>"; };
		03618566278FBB3600F1F16B /* MyInterceptor.swift */ = {isa = PBXFileReference; lastKnownFileType = sourcecode.swift; path = MyInterceptor.swift; sourceTree = "<group>"; };
		03618568278FC12600F1F16B /* MyLogger.swift */ = {isa = PBXFileReference; lastKnownFileType = sourcecode.swift; path = MyLogger.swift; sourceTree = "<group>"; };
		0361856A278FC2FD00F1F16B /* MyRouter.swift */ = {isa = PBXFileReference; lastKnownFileType = sourcecode.swift; path = MyRouter.swift; sourceTree = "<group>"; };
		2502999DB7DA2E30639D3870 /* Pods_SwinjectTestTests.framework */ = {isa = PBXFileReference; explicitFileType = wrapper.framework; includeInIndex = 0; path = Pods_SwinjectTestTests.framework; sourceTree = BUILT_PRODUCTS_DIR; };
		35034ED811BA34F9F5CD9B1B /* Pods-SwinjectTest.release.xcconfig */ = {isa = PBXFileReference; includeInIndex = 1; lastKnownFileType = text.xcconfig; name = "Pods-SwinjectTest.release.xcconfig"; path = "Target Support Files/Pods-SwinjectTest/Pods-SwinjectTest.release.xcconfig"; sourceTree = "<group>"; };
		5D3A1E2387CB2F7E9E3E33C1 /* Pods-SwinjectTest.debug.xcconfig */ = {isa = PBXFileReference; includeInIndex = 1; lastKnownFileType = text.xcconfig; name = "Pods-SwinjectTest.debug.xcconfig"; path = "Target Support Files/Pods-SwinjectTest/Pods-SwinjectTest.debug.xcconfig"; sourceTree = "<group>"; };
		755CCE629C1E43551317286E /* Pods-SwinjectTestTests.debug.xcconfig */ = {isa = PBXFileReference; includeInIndex = 1; lastKnownFileType = text.xcconfig; name = "Pods-SwinjectTestTests.debug.xcconfig"; path = "Target Support Files/Pods-SwinjectTestTests/Pods-SwinjectTestTests.debug.xcconfig"; sourceTree = "<group>"; };
		8B0AA8AAB0F75A69DE0AC36F /* Pods_SwinjectTest.framework */ = {isa = PBXFileReference; explicitFileType = wrapper.framework; includeInIndex = 0; path = Pods_SwinjectTest.framework; sourceTree = BUILT_PRODUCTS_DIR; };
		A501DD675639113BE738BA2C /* Pods-SwinjectTestTests.release.xcconfig */ = {isa = PBXFileReference; includeInIndex = 1; lastKnownFileType = text.xcconfig; name = "Pods-SwinjectTestTests.release.xcconfig"; path = "Target Support Files/Pods-SwinjectTestTests/Pods-SwinjectTestTests.release.xcconfig"; sourceTree = "<group>"; };
		C20085D0226B86025876C404 /* Pods-SwinjectTest-SwinjectTestUITests.debug.xcconfig */ = {isa = PBXFileReference; includeInIndex = 1; lastKnownFileType = text.xcconfig; name = "Pods-SwinjectTest-SwinjectTestUITests.debug.xcconfig"; path = "Target Support Files/Pods-SwinjectTest-SwinjectTestUITests/Pods-SwinjectTest-SwinjectTestUITests.debug.xcconfig"; sourceTree = "<group>"; };
		F9372BCEBA1474AA9988F2E6 /* Pods_SwinjectTest_SwinjectTestUITests.framework */ = {isa = PBXFileReference; explicitFileType = wrapper.framework; includeInIndex = 0; path = Pods_SwinjectTest_SwinjectTestUITests.framework; sourceTree = BUILT_PRODUCTS_DIR; };
/* End PBXFileReference section */

/* Begin PBXFrameworksBuildPhase section */
		036184F4278DD09900F1F16B /* Frameworks */ = {
			isa = PBXFrameworksBuildPhase;
			buildActionMask = 2147483647;
			files = (
				29F525C072D09C49130278FB /* Pods_SwinjectTest.framework in Frameworks */,
			);
			runOnlyForDeploymentPostprocessing = 0;
		};
		0361850A278DD09D00F1F16B /* Frameworks */ = {
			isa = PBXFrameworksBuildPhase;
			buildActionMask = 2147483647;
			files = (
				FEA4130D79D1CBFF2E7F8BE0 /* Pods_SwinjectTestTests.framework in Frameworks */,
			);
			runOnlyForDeploymentPostprocessing = 0;
		};
		03618514278DD09D00F1F16B /* Frameworks */ = {
			isa = PBXFrameworksBuildPhase;
			buildActionMask = 2147483647;
			files = (
				678E645A6BED8A01D1F1CC46 /* Pods_SwinjectTest_SwinjectTestUITests.framework in Frameworks */,
			);
			runOnlyForDeploymentPostprocessing = 0;
		};
/* End PBXFrameworksBuildPhase section */

/* Begin PBXGroup section */
		036184EE278DD09900F1F16B = {
			isa = PBXGroup;
			children = (
				036184F9278DD09900F1F16B /* SwinjectTest */,
				03618510278DD09D00F1F16B /* SwinjectTestTests */,
				0361851A278DD09D00F1F16B /* SwinjectTestUITests */,
				036184F8278DD09900F1F16B /* Products */,
				8A53EEC0F005222C4068F743 /* Pods */,
				7DE00EA7C56170FB2196D621 /* Frameworks */,
			);
			sourceTree = "<group>";
		};
		036184F8278DD09900F1F16B /* Products */ = {
			isa = PBXGroup;
			children = (
				036184F7278DD09900F1F16B /* SwinjectTest.app */,
				0361850D278DD09D00F1F16B /* SwinjectTestTests.xctest */,
				03618517278DD09D00F1F16B /* SwinjectTestUITests.xctest */,
			);
			name = Products;
			sourceTree = "<group>";
		};
		036184F9278DD09900F1F16B /* SwinjectTest */ = {
			isa = PBXGroup;
			children = (
				0361852B278E62C400F1F16B /* Photo */,
				03618546278E737500F1F16B /* Coordinator */,
				03618545278E733F00F1F16B /* NetworkManager */,
				03618553278F37EF00F1F16B /* Assembler */,
				036184FC278DD09900F1F16B /* SceneDelegate.swift */,
				036184FA278DD09900F1F16B /* AppDelegate.swift */,
				0361852A278E624500F1F16B /* Resources */,
				03618508278DD09D00F1F16B /* Info.plist */,
			);
			path = SwinjectTest;
			sourceTree = "<group>";
		};
		03618510278DD09D00F1F16B /* SwinjectTestTests */ = {
			isa = PBXGroup;
			children = (
				03618511278DD09D00F1F16B /* SwinjectTestTests.swift */,
			);
			path = SwinjectTestTests;
			sourceTree = "<group>";
		};
		0361851A278DD09D00F1F16B /* SwinjectTestUITests */ = {
			isa = PBXGroup;
			children = (
				0361851B278DD09D00F1F16B /* SwinjectTestUITests.swift */,
				0361851D278DD09D00F1F16B /* SwinjectTestUITestsLaunchTests.swift */,
			);
			path = SwinjectTestUITests;
			sourceTree = "<group>";
		};
		0361852A278E624500F1F16B /* Resources */ = {
			isa = PBXGroup;
			children = (
				03618540278E6E8100F1F16B /* Color */,
				0361853B278E6B5E00F1F16B /* Font */,
				03618503278DD09D00F1F16B /* Assets.xcassets */,
				03618505278DD09D00F1F16B /* LaunchScreen.storyboard */,
			);
			path = Resources;
			sourceTree = "<group>";
		};
		0361852B278E62C400F1F16B /* Photo */ = {
			isa = PBXGroup;
			children = (
				03618539278E679F00F1F16B /* PhotoAssembly.swift */,
				0361852C278E62FE00F1F16B /* PhotosReactor.swift */,
				03618535278E655100F1F16B /* PhotoViewController.swift */,
			);
			path = Photo;
			sourceTree = "<group>";
		};
		03618530278E635800F1F16B /* DTO */ = {
			isa = PBXGroup;
			children = (
				03618532278E637100F1F16B /* Photo.swift */,
				03618531278E637100F1F16B /* Photographer.swift */,
			);
			path = DTO;
			sourceTree = "<group>";
		};
		0361853B278E6B5E00F1F16B /* Font */ = {
			isa = PBXGroup;
			children = (
				0361853E278E6B9000F1F16B /* MyFont.swift */,
			);
			path = Font;
			sourceTree = "<group>";
		};
		03618540278E6E8100F1F16B /* Color */ = {
			isa = PBXGroup;
			children = (
				03618543278E701E00F1F16B /* UIColor+Extension.swift */,
				03618541278E6E8B00F1F16B /* MyColor.swift */,
			);
			path = Color;
			sourceTree = "<group>";
		};
		03618545278E733F00F1F16B /* NetworkManager */ = {
			isa = PBXGroup;
			children = (
				0361855C278FA03600F1F16B /* NetworkError */,
				03618555278F9C9500F1F16B /* EndPoint */,
				03618563278FBA7900F1F16B /* AlamofireSession */,
				0361854B278E758F00F1F16B /* UnsplashAPIType.swift */,
				0361854D278E75B800F1F16B /* UnsplashAPI.swift */,
				03618530278E635800F1F16B /* DTO */,
			);
			path = NetworkManager;
			sourceTree = "<group>";
		};
		03618546278E737500F1F16B /* Coordinator */ = {
			isa = PBXGroup;
			children = (
				03618547278E738100F1F16B /* CoordinatorType.swift */,
				03618549278E73D600F1F16B /* AppCoordinator.swift */,
			);
			path = Coordinator;
			sourceTree = "<group>";
		};
		03618553278F37EF00F1F16B /* Assembler */ = {
			isa = PBXGroup;
			children = (
				03618537278E671200F1F16B /* AppAssembler.swift */,
			);
			path = Assembler;
			sourceTree = "<group>";
		};
		03618555278F9C9500F1F16B /* EndPoint */ = {
			isa = PBXGroup;
			children = (
				0361855A278F9E8700F1F16B /* RequestParams.swift */,
			);
			path = EndPoint;
			sourceTree = "<group>";
		};
		0361855C278FA03600F1F16B /* NetworkError */ = {
			isa = PBXGroup;
			children = (
				0361855D278FA04C00F1F16B /* NetworkError.swift */,
			);
			path = NetworkError;
			sourceTree = "<group>";
		};
		03618563278FBA7900F1F16B /* AlamofireSession */ = {
			isa = PBXGroup;
			children = (
				03618566278FBB3600F1F16B /* MyInterceptor.swift */,
				03618568278FC12600F1F16B /* MyLogger.swift */,
				03618556278F9CA600F1F16B /* RouterType.swift */,
				0361856A278FC2FD00F1F16B /* MyRouter.swift */,
				03618564278FBAA100F1F16B /* MySessionManager.swift */,
			);
			path = AlamofireSession;
			sourceTree = "<group>";
		};
		7DE00EA7C56170FB2196D621 /* Frameworks */ = {
			isa = PBXGroup;
			children = (
				8B0AA8AAB0F75A69DE0AC36F /* Pods_SwinjectTest.framework */,
				F9372BCEBA1474AA9988F2E6 /* Pods_SwinjectTest_SwinjectTestUITests.framework */,
				2502999DB7DA2E30639D3870 /* Pods_SwinjectTestTests.framework */,
			);
			name = Frameworks;
			sourceTree = "<group>";
		};
		8A53EEC0F005222C4068F743 /* Pods */ = {
			isa = PBXGroup;
			children = (
				5D3A1E2387CB2F7E9E3E33C1 /* Pods-SwinjectTest.debug.xcconfig */,
				35034ED811BA34F9F5CD9B1B /* Pods-SwinjectTest.release.xcconfig */,
				C20085D0226B86025876C404 /* Pods-SwinjectTest-SwinjectTestUITests.debug.xcconfig */,
				0310512B5026000D4AA1CABB /* Pods-SwinjectTest-SwinjectTestUITests.release.xcconfig */,
				755CCE629C1E43551317286E /* Pods-SwinjectTestTests.debug.xcconfig */,
				A501DD675639113BE738BA2C /* Pods-SwinjectTestTests.release.xcconfig */,
			);
			path = Pods;
			sourceTree = "<group>";
		};
/* End PBXGroup section */

/* Begin PBXNativeTarget section */
		036184F6278DD09900F1F16B /* SwinjectTest */ = {
			isa = PBXNativeTarget;
			buildConfigurationList = 03618521278DD09D00F1F16B /* Build configuration list for PBXNativeTarget "SwinjectTest" */;
			buildPhases = (
				B8D7A6938A6BAF3E032A79BB /* [CP] Check Pods Manifest.lock */,
				036184F3278DD09900F1F16B /* Sources */,
				036184F4278DD09900F1F16B /* Frameworks */,
				036184F5278DD09900F1F16B /* Resources */,
				D96BCD444D3B6E8D50D79601 /* [CP] Embed Pods Frameworks */,
			);
			buildRules = (
			);
			dependencies = (
			);
			name = SwinjectTest;
			productName = SwinjectTest;
			productReference = 036184F7278DD09900F1F16B /* SwinjectTest.app */;
			productType = "com.apple.product-type.application";
		};
		0361850C278DD09D00F1F16B /* SwinjectTestTests */ = {
			isa = PBXNativeTarget;
			buildConfigurationList = 03618524278DD09D00F1F16B /* Build configuration list for PBXNativeTarget "SwinjectTestTests" */;
			buildPhases = (
				6240335B2FB66804C1F288F3 /* [CP] Check Pods Manifest.lock */,
				03618509278DD09D00F1F16B /* Sources */,
				0361850A278DD09D00F1F16B /* Frameworks */,
				0361850B278DD09D00F1F16B /* Resources */,
			);
			buildRules = (
			);
			dependencies = (
				0361850F278DD09D00F1F16B /* PBXTargetDependency */,
			);
			name = SwinjectTestTests;
			productName = SwinjectTestTests;
			productReference = 0361850D278DD09D00F1F16B /* SwinjectTestTests.xctest */;
			productType = "com.apple.product-type.bundle.unit-test";
		};
		03618516278DD09D00F1F16B /* SwinjectTestUITests */ = {
			isa = PBXNativeTarget;
			buildConfigurationList = 03618527278DD09D00F1F16B /* Build configuration list for PBXNativeTarget "SwinjectTestUITests" */;
			buildPhases = (
				FC3FC34AF4ADA9E38B9138A4 /* [CP] Check Pods Manifest.lock */,
				03618513278DD09D00F1F16B /* Sources */,
				03618514278DD09D00F1F16B /* Frameworks */,
				03618515278DD09D00F1F16B /* Resources */,
				5C9A5202367E23154004202D /* [CP] Embed Pods Frameworks */,
			);
			buildRules = (
			);
			dependencies = (
				03618519278DD09D00F1F16B /* PBXTargetDependency */,
			);
			name = SwinjectTestUITests;
			productName = SwinjectTestUITests;
			productReference = 03618517278DD09D00F1F16B /* SwinjectTestUITests.xctest */;
			productType = "com.apple.product-type.bundle.ui-testing";
		};
/* End PBXNativeTarget section */

/* Begin PBXProject section */
		036184EF278DD09900F1F16B /* Project object */ = {
			isa = PBXProject;
			attributes = {
				BuildIndependentTargetsInParallel = 1;
				LastSwiftUpdateCheck = 1320;
				LastUpgradeCheck = 1320;
				TargetAttributes = {
					036184F6278DD09900F1F16B = {
						CreatedOnToolsVersion = 13.2.1;
					};
					0361850C278DD09D00F1F16B = {
						CreatedOnToolsVersion = 13.2.1;
						TestTargetID = 036184F6278DD09900F1F16B;
					};
					03618516278DD09D00F1F16B = {
						CreatedOnToolsVersion = 13.2.1;
						TestTargetID = 036184F6278DD09900F1F16B;
					};
				};
			};
			buildConfigurationList = 036184F2278DD09900F1F16B /* Build configuration list for PBXProject "SwinjectTest" */;
			compatibilityVersion = "Xcode 13.0";
			developmentRegion = en;
			hasScannedForEncodings = 0;
			knownRegions = (
				en,
				Base,
			);
			mainGroup = 036184EE278DD09900F1F16B;
			productRefGroup = 036184F8278DD09900F1F16B /* Products */;
			projectDirPath = "";
			projectRoot = "";
			targets = (
				036184F6278DD09900F1F16B /* SwinjectTest */,
				0361850C278DD09D00F1F16B /* SwinjectTestTests */,
				03618516278DD09D00F1F16B /* SwinjectTestUITests */,
			);
		};
/* End PBXProject section */

/* Begin PBXResourcesBuildPhase section */
		036184F5278DD09900F1F16B /* Resources */ = {
			isa = PBXResourcesBuildPhase;
			buildActionMask = 2147483647;
			files = (
				03618507278DD09D00F1F16B /* LaunchScreen.storyboard in Resources */,
				03618504278DD09D00F1F16B /* Assets.xcassets in Resources */,
			);
			runOnlyForDeploymentPostprocessing = 0;
		};
		0361850B278DD09D00F1F16B /* Resources */ = {
			isa = PBXResourcesBuildPhase;
			buildActionMask = 2147483647;
			files = (
			);
			runOnlyForDeploymentPostprocessing = 0;
		};
		03618515278DD09D00F1F16B /* Resources */ = {
			isa = PBXResourcesBuildPhase;
			buildActionMask = 2147483647;
			files = (
			);
			runOnlyForDeploymentPostprocessing = 0;
		};
/* End PBXResourcesBuildPhase section */

/* Begin PBXShellScriptBuildPhase section */
		5C9A5202367E23154004202D /* [CP] Embed Pods Frameworks */ = {
			isa = PBXShellScriptBuildPhase;
			buildActionMask = 2147483647;
			files = (
			);
			inputFileListPaths = (
				"${PODS_ROOT}/Target Support Files/Pods-SwinjectTest-SwinjectTestUITests/Pods-SwinjectTest-SwinjectTestUITests-frameworks-${CONFIGURATION}-input-files.xcfilelist",
			);
			name = "[CP] Embed Pods Frameworks";
			outputFileListPaths = (
				"${PODS_ROOT}/Target Support Files/Pods-SwinjectTest-SwinjectTestUITests/Pods-SwinjectTest-SwinjectTestUITests-frameworks-${CONFIGURATION}-output-files.xcfilelist",
			);
			runOnlyForDeploymentPostprocessing = 0;
			shellPath = /bin/sh;
			shellScript = "\"${PODS_ROOT}/Target Support Files/Pods-SwinjectTest-SwinjectTestUITests/Pods-SwinjectTest-SwinjectTestUITests-frameworks.sh\"\n";
			showEnvVarsInLog = 0;
		};
		6240335B2FB66804C1F288F3 /* [CP] Check Pods Manifest.lock */ = {
			isa = PBXShellScriptBuildPhase;
			buildActionMask = 2147483647;
			files = (
			);
			inputFileListPaths = (
			);
			inputPaths = (
				"${PODS_PODFILE_DIR_PATH}/Podfile.lock",
				"${PODS_ROOT}/Manifest.lock",
			);
			name = "[CP] Check Pods Manifest.lock";
			outputFileListPaths = (
			);
			outputPaths = (
				"$(DERIVED_FILE_DIR)/Pods-SwinjectTestTests-checkManifestLockResult.txt",
			);
			runOnlyForDeploymentPostprocessing = 0;
			shellPath = /bin/sh;
			shellScript = "diff \"${PODS_PODFILE_DIR_PATH}/Podfile.lock\" \"${PODS_ROOT}/Manifest.lock\" > /dev/null\nif [ $? != 0 ] ; then\n    # print error to STDERR\n    echo \"error: The sandbox is not in sync with the Podfile.lock. Run 'pod install' or update your CocoaPods installation.\" >&2\n    exit 1\nfi\n# This output is used by Xcode 'outputs' to avoid re-running this script phase.\necho \"SUCCESS\" > \"${SCRIPT_OUTPUT_FILE_0}\"\n";
			showEnvVarsInLog = 0;
		};
		B8D7A6938A6BAF3E032A79BB /* [CP] Check Pods Manifest.lock */ = {
			isa = PBXShellScriptBuildPhase;
			buildActionMask = 2147483647;
			files = (
			);
			inputFileListPaths = (
			);
			inputPaths = (
				"${PODS_PODFILE_DIR_PATH}/Podfile.lock",
				"${PODS_ROOT}/Manifest.lock",
			);
			name = "[CP] Check Pods Manifest.lock";
			outputFileListPaths = (
			);
			outputPaths = (
				"$(DERIVED_FILE_DIR)/Pods-SwinjectTest-checkManifestLockResult.txt",
			);
			runOnlyForDeploymentPostprocessing = 0;
			shellPath = /bin/sh;
			shellScript = "diff \"${PODS_PODFILE_DIR_PATH}/Podfile.lock\" \"${PODS_ROOT}/Manifest.lock\" > /dev/null\nif [ $? != 0 ] ; then\n    # print error to STDERR\n    echo \"error: The sandbox is not in sync with the Podfile.lock. Run 'pod install' or update your CocoaPods installation.\" >&2\n    exit 1\nfi\n# This output is used by Xcode 'outputs' to avoid re-running this script phase.\necho \"SUCCESS\" > \"${SCRIPT_OUTPUT_FILE_0}\"\n";
			showEnvVarsInLog = 0;
		};
		D96BCD444D3B6E8D50D79601 /* [CP] Embed Pods Frameworks */ = {
			isa = PBXShellScriptBuildPhase;
			buildActionMask = 2147483647;
			files = (
			);
			inputFileListPaths = (
				"${PODS_ROOT}/Target Support Files/Pods-SwinjectTest/Pods-SwinjectTest-frameworks-${CONFIGURATION}-input-files.xcfilelist",
			);
			name = "[CP] Embed Pods Frameworks";
			outputFileListPaths = (
				"${PODS_ROOT}/Target Support Files/Pods-SwinjectTest/Pods-SwinjectTest-frameworks-${CONFIGURATION}-output-files.xcfilelist",
			);
			runOnlyForDeploymentPostprocessing = 0;
			shellPath = /bin/sh;
			shellScript = "\"${PODS_ROOT}/Target Support Files/Pods-SwinjectTest/Pods-SwinjectTest-frameworks.sh\"\n";
			showEnvVarsInLog = 0;
		};
		FC3FC34AF4ADA9E38B9138A4 /* [CP] Check Pods Manifest.lock */ = {
			isa = PBXShellScriptBuildPhase;
			buildActionMask = 2147483647;
			files = (
			);
			inputFileListPaths = (
			);
			inputPaths = (
				"${PODS_PODFILE_DIR_PATH}/Podfile.lock",
				"${PODS_ROOT}/Manifest.lock",
			);
			name = "[CP] Check Pods Manifest.lock";
			outputFileListPaths = (
			);
			outputPaths = (
				"$(DERIVED_FILE_DIR)/Pods-SwinjectTest-SwinjectTestUITests-checkManifestLockResult.txt",
			);
			runOnlyForDeploymentPostprocessing = 0;
			shellPath = /bin/sh;
			shellScript = "diff \"${PODS_PODFILE_DIR_PATH}/Podfile.lock\" \"${PODS_ROOT}/Manifest.lock\" > /dev/null\nif [ $? != 0 ] ; then\n    # print error to STDERR\n    echo \"error: The sandbox is not in sync with the Podfile.lock. Run 'pod install' or update your CocoaPods installation.\" >&2\n    exit 1\nfi\n# This output is used by Xcode 'outputs' to avoid re-running this script phase.\necho \"SUCCESS\" > \"${SCRIPT_OUTPUT_FILE_0}\"\n";
			showEnvVarsInLog = 0;
		};
/* End PBXShellScriptBuildPhase section */

/* Begin PBXSourcesBuildPhase section */
		036184F3278DD09900F1F16B /* Sources */ = {
			isa = PBXSourcesBuildPhase;
			buildActionMask = 2147483647;
			files = (
				0361854C278E758F00F1F16B /* UnsplashAPIType.swift in Sources */,
				0361853A278E679F00F1F16B /* PhotoAssembly.swift in Sources */,
				03618557278F9CA600F1F16B /* RouterType.swift in Sources */,
				03618533278E637100F1F16B /* Photographer.swift in Sources */,
				03618565278FBAA100F1F16B /* MySessionManager.swift in Sources */,
				0361855B278F9E8700F1F16B /* RequestParams.swift in Sources */,
				0361854A278E73D600F1F16B /* AppCoordinator.swift in Sources */,
				03618548278E738100F1F16B /* CoordinatorType.swift in Sources */,
				036184FB278DD09900F1F16B /* AppDelegate.swift in Sources */,
				03618544278E701E00F1F16B /* UIColor+Extension.swift in Sources */,
				0361855E278FA04C00F1F16B /* NetworkError.swift in Sources */,
				036184FD278DD09900F1F16B /* SceneDelegate.swift in Sources */,
				0361853F278E6B9000F1F16B /* MyFont.swift in Sources */,
				03618542278E6E8B00F1F16B /* MyColor.swift in Sources */,
				0361856B278FC2FD00F1F16B /* MyRouter.swift in Sources */,
				03618538278E671200F1F16B /* AppAssembler.swift in Sources */,
				03618567278FBB3600F1F16B /* MyInterceptor.swift in Sources */,
				0361852D278E62FE00F1F16B /* PhotosReactor.swift in Sources */,
				03618534278E637100F1F16B /* Photo.swift in Sources */,
				0361854E278E75B800F1F16B /* UnsplashAPI.swift in Sources */,
				03618536278E655100F1F16B /* PhotoViewController.swift in Sources */,
				03618569278FC12600F1F16B /* MyLogger.swift in Sources */,
			);
			runOnlyForDeploymentPostprocessing = 0;
		};
		03618509278DD09D00F1F16B /* Sources */ = {
			isa = PBXSourcesBuildPhase;
			buildActionMask = 2147483647;
			files = (
				03618512278DD09D00F1F16B /* SwinjectTestTests.swift in Sources */,
			);
			runOnlyForDeploymentPostprocessing = 0;
		};
		03618513278DD09D00F1F16B /* Sources */ = {
			isa = PBXSourcesBuildPhase;
			buildActionMask = 2147483647;
			files = (
				0361851C278DD09D00F1F16B /* SwinjectTestUITests.swift in Sources */,
				0361851E278DD09D00F1F16B /* SwinjectTestUITestsLaunchTests.swift in Sources */,
			);
			runOnlyForDeploymentPostprocessing = 0;
		};
/* End PBXSourcesBuildPhase section */

/* Begin PBXTargetDependency section */
		0361850F278DD09D00F1F16B /* PBXTargetDependency */ = {
			isa = PBXTargetDependency;
			target = 036184F6278DD09900F1F16B /* SwinjectTest */;
			targetProxy = 0361850E278DD09D00F1F16B /* PBXContainerItemProxy */;
		};
		03618519278DD09D00F1F16B /* PBXTargetDependency */ = {
			isa = PBXTargetDependency;
			target = 036184F6278DD09900F1F16B /* SwinjectTest */;
			targetProxy = 03618518278DD09D00F1F16B /* PBXContainerItemProxy */;
		};
/* End PBXTargetDependency section */

/* Begin PBXVariantGroup section */
		03618505278DD09D00F1F16B /* LaunchScreen.storyboard */ = {
			isa = PBXVariantGroup;
			children = (
				03618506278DD09D00F1F16B /* Base */,
			);
			name = LaunchScreen.storyboard;
			sourceTree = "<group>";
		};
/* End PBXVariantGroup section */

/* Begin XCBuildConfiguration section */
		0361851F278DD09D00F1F16B /* Debug */ = {
			isa = XCBuildConfiguration;
			buildSettings = {
				ALWAYS_SEARCH_USER_PATHS = NO;
				CLANG_ANALYZER_NONNULL = YES;
				CLANG_ANALYZER_NUMBER_OBJECT_CONVERSION = YES_AGGRESSIVE;
				CLANG_CXX_LANGUAGE_STANDARD = "gnu++17";
				CLANG_CXX_LIBRARY = "libc++";
				CLANG_ENABLE_MODULES = YES;
				CLANG_ENABLE_OBJC_ARC = YES;
				CLANG_ENABLE_OBJC_WEAK = YES;
				CLANG_WARN_BLOCK_CAPTURE_AUTORELEASING = YES;
				CLANG_WARN_BOOL_CONVERSION = YES;
				CLANG_WARN_COMMA = YES;
				CLANG_WARN_CONSTANT_CONVERSION = YES;
				CLANG_WARN_DEPRECATED_OBJC_IMPLEMENTATIONS = YES;
				CLANG_WARN_DIRECT_OBJC_ISA_USAGE = YES_ERROR;
				CLANG_WARN_DOCUMENTATION_COMMENTS = YES;
				CLANG_WARN_EMPTY_BODY = YES;
				CLANG_WARN_ENUM_CONVERSION = YES;
				CLANG_WARN_INFINITE_RECURSION = YES;
				CLANG_WARN_INT_CONVERSION = YES;
				CLANG_WARN_NON_LITERAL_NULL_CONVERSION = YES;
				CLANG_WARN_OBJC_IMPLICIT_RETAIN_SELF = YES;
				CLANG_WARN_OBJC_LITERAL_CONVERSION = YES;
				CLANG_WARN_OBJC_ROOT_CLASS = YES_ERROR;
				CLANG_WARN_QUOTED_INCLUDE_IN_FRAMEWORK_HEADER = YES;
				CLANG_WARN_RANGE_LOOP_ANALYSIS = YES;
				CLANG_WARN_STRICT_PROTOTYPES = YES;
				CLANG_WARN_SUSPICIOUS_MOVE = YES;
				CLANG_WARN_UNGUARDED_AVAILABILITY = YES_AGGRESSIVE;
				CLANG_WARN_UNREACHABLE_CODE = YES;
				CLANG_WARN__DUPLICATE_METHOD_MATCH = YES;
				COPY_PHASE_STRIP = NO;
				DEBUG_INFORMATION_FORMAT = dwarf;
				ENABLE_STRICT_OBJC_MSGSEND = YES;
				ENABLE_TESTABILITY = YES;
				GCC_C_LANGUAGE_STANDARD = gnu11;
				GCC_DYNAMIC_NO_PIC = NO;
				GCC_NO_COMMON_BLOCKS = YES;
				GCC_OPTIMIZATION_LEVEL = 0;
				GCC_PREPROCESSOR_DEFINITIONS = (
					"DEBUG=1",
					"$(inherited)",
				);
				GCC_WARN_64_TO_32_BIT_CONVERSION = YES;
				GCC_WARN_ABOUT_RETURN_TYPE = YES_ERROR;
				GCC_WARN_UNDECLARED_SELECTOR = YES;
				GCC_WARN_UNINITIALIZED_AUTOS = YES_AGGRESSIVE;
				GCC_WARN_UNUSED_FUNCTION = YES;
				GCC_WARN_UNUSED_VARIABLE = YES;
				IPHONEOS_DEPLOYMENT_TARGET = 15.2;
				MTL_ENABLE_DEBUG_INFO = INCLUDE_SOURCE;
				MTL_FAST_MATH = YES;
				ONLY_ACTIVE_ARCH = YES;
				SDKROOT = iphoneos;
				SWIFT_ACTIVE_COMPILATION_CONDITIONS = DEBUG;
				SWIFT_OPTIMIZATION_LEVEL = "-Onone";
			};
			name = Debug;
		};
		03618520278DD09D00F1F16B /* Release */ = {
			isa = XCBuildConfiguration;
			buildSettings = {
				ALWAYS_SEARCH_USER_PATHS = NO;
				CLANG_ANALYZER_NONNULL = YES;
				CLANG_ANALYZER_NUMBER_OBJECT_CONVERSION = YES_AGGRESSIVE;
				CLANG_CXX_LANGUAGE_STANDARD = "gnu++17";
				CLANG_CXX_LIBRARY = "libc++";
				CLANG_ENABLE_MODULES = YES;
				CLANG_ENABLE_OBJC_ARC = YES;
				CLANG_ENABLE_OBJC_WEAK = YES;
				CLANG_WARN_BLOCK_CAPTURE_AUTORELEASING = YES;
				CLANG_WARN_BOOL_CONVERSION = YES;
				CLANG_WARN_COMMA = YES;
				CLANG_WARN_CONSTANT_CONVERSION = YES;
				CLANG_WARN_DEPRECATED_OBJC_IMPLEMENTATIONS = YES;
				CLANG_WARN_DIRECT_OBJC_ISA_USAGE = YES_ERROR;
				CLANG_WARN_DOCUMENTATION_COMMENTS = YES;
				CLANG_WARN_EMPTY_BODY = YES;
				CLANG_WARN_ENUM_CONVERSION = YES;
				CLANG_WARN_INFINITE_RECURSION = YES;
				CLANG_WARN_INT_CONVERSION = YES;
				CLANG_WARN_NON_LITERAL_NULL_CONVERSION = YES;
				CLANG_WARN_OBJC_IMPLICIT_RETAIN_SELF = YES;
				CLANG_WARN_OBJC_LITERAL_CONVERSION = YES;
				CLANG_WARN_OBJC_ROOT_CLASS = YES_ERROR;
				CLANG_WARN_QUOTED_INCLUDE_IN_FRAMEWORK_HEADER = YES;
				CLANG_WARN_RANGE_LOOP_ANALYSIS = YES;
				CLANG_WARN_STRICT_PROTOTYPES = YES;
				CLANG_WARN_SUSPICIOUS_MOVE = YES;
				CLANG_WARN_UNGUARDED_AVAILABILITY = YES_AGGRESSIVE;
				CLANG_WARN_UNREACHABLE_CODE = YES;
				CLANG_WARN__DUPLICATE_METHOD_MATCH = YES;
				COPY_PHASE_STRIP = NO;
				DEBUG_INFORMATION_FORMAT = "dwarf-with-dsym";
				ENABLE_NS_ASSERTIONS = NO;
				ENABLE_STRICT_OBJC_MSGSEND = YES;
				GCC_C_LANGUAGE_STANDARD = gnu11;
				GCC_NO_COMMON_BLOCKS = YES;
				GCC_WARN_64_TO_32_BIT_CONVERSION = YES;
				GCC_WARN_ABOUT_RETURN_TYPE = YES_ERROR;
				GCC_WARN_UNDECLARED_SELECTOR = YES;
				GCC_WARN_UNINITIALIZED_AUTOS = YES_AGGRESSIVE;
				GCC_WARN_UNUSED_FUNCTION = YES;
				GCC_WARN_UNUSED_VARIABLE = YES;
				IPHONEOS_DEPLOYMENT_TARGET = 15.2;
				MTL_ENABLE_DEBUG_INFO = NO;
				MTL_FAST_MATH = YES;
				SDKROOT = iphoneos;
				SWIFT_COMPILATION_MODE = wholemodule;
				SWIFT_OPTIMIZATION_LEVEL = "-O";
				VALIDATE_PRODUCT = YES;
			};
			name = Release;
		};
		03618522278DD09D00F1F16B /* Debug */ = {
			isa = XCBuildConfiguration;
			baseConfigurationReference = 5D3A1E2387CB2F7E9E3E33C1 /* Pods-SwinjectTest.debug.xcconfig */;
			buildSettings = {
				ASSETCATALOG_COMPILER_APPICON_NAME = AppIcon;
				ASSETCATALOG_COMPILER_GLOBAL_ACCENT_COLOR_NAME = AccentColor;
				CODE_SIGN_STYLE = Automatic;
				CURRENT_PROJECT_VERSION = 1;
				DEVELOPMENT_TEAM = MBAJ2NCPU9;
				GENERATE_INFOPLIST_FILE = YES;
				INFOPLIST_FILE = SwinjectTest/Info.plist;
				INFOPLIST_KEY_UIApplicationSupportsIndirectInputEvents = YES;
				INFOPLIST_KEY_UILaunchStoryboardName = LaunchScreen;
				INFOPLIST_KEY_UISupportedInterfaceOrientations_iPad = "UIInterfaceOrientationPortrait UIInterfaceOrientationPortraitUpsideDown UIInterfaceOrientationLandscapeLeft UIInterfaceOrientationLandscapeRight";
				INFOPLIST_KEY_UISupportedInterfaceOrientations_iPhone = "UIInterfaceOrientationPortrait UIInterfaceOrientationLandscapeLeft UIInterfaceOrientationLandscapeRight";
				LD_RUNPATH_SEARCH_PATHS = (
					"$(inherited)",
					"@executable_path/Frameworks",
				);
				MARKETING_VERSION = 1.0;
				PRODUCT_BUNDLE_IDENTIFIER = com.hyungseokpark.SwinjectTest;
				PRODUCT_NAME = "$(TARGET_NAME)";
				SWIFT_EMIT_LOC_STRINGS = YES;
				SWIFT_VERSION = 5.0;
				TARGETED_DEVICE_FAMILY = "1,2";
			};
			name = Debug;
		};
		03618523278DD09D00F1F16B /* Release */ = {
			isa = XCBuildConfiguration;
			baseConfigurationReference = 35034ED811BA34F9F5CD9B1B /* Pods-SwinjectTest.release.xcconfig */;
			buildSettings = {
				ASSETCATALOG_COMPILER_APPICON_NAME = AppIcon;
				ASSETCATALOG_COMPILER_GLOBAL_ACCENT_COLOR_NAME = AccentColor;
				CODE_SIGN_STYLE = Automatic;
				CURRENT_PROJECT_VERSION = 1;
				DEVELOPMENT_TEAM = MBAJ2NCPU9;
				GENERATE_INFOPLIST_FILE = YES;
				INFOPLIST_FILE = SwinjectTest/Info.plist;
				INFOPLIST_KEY_UIApplicationSupportsIndirectInputEvents = YES;
				INFOPLIST_KEY_UILaunchStoryboardName = LaunchScreen;
				INFOPLIST_KEY_UISupportedInterfaceOrientations_iPad = "UIInterfaceOrientationPortrait UIInterfaceOrientationPortraitUpsideDown UIInterfaceOrientationLandscapeLeft UIInterfaceOrientationLandscapeRight";
				INFOPLIST_KEY_UISupportedInterfaceOrientations_iPhone = "UIInterfaceOrientationPortrait UIInterfaceOrientationLandscapeLeft UIInterfaceOrientationLandscapeRight";
				LD_RUNPATH_SEARCH_PATHS = (
					"$(inherited)",
					"@executable_path/Frameworks",
				);
				MARKETING_VERSION = 1.0;
				PRODUCT_BUNDLE_IDENTIFIER = com.hyungseokpark.SwinjectTest;
				PRODUCT_NAME = "$(TARGET_NAME)";
				SWIFT_EMIT_LOC_STRINGS = YES;
				SWIFT_VERSION = 5.0;
				TARGETED_DEVICE_FAMILY = "1,2";
			};
			name = Release;
		};
		03618525278DD09D00F1F16B /* Debug */ = {
			isa = XCBuildConfiguration;
			baseConfigurationReference = 755CCE629C1E43551317286E /* Pods-SwinjectTestTests.debug.xcconfig */;
			buildSettings = {
				ALWAYS_EMBED_SWIFT_STANDARD_LIBRARIES = YES;
				BUNDLE_LOADER = "$(TEST_HOST)";
				CODE_SIGN_STYLE = Automatic;
				CURRENT_PROJECT_VERSION = 1;
				DEVELOPMENT_TEAM = MBAJ2NCPU9;
				GENERATE_INFOPLIST_FILE = YES;
				IPHONEOS_DEPLOYMENT_TARGET = 15.2;
				MARKETING_VERSION = 1.0;
				PRODUCT_BUNDLE_IDENTIFIER = com.hyungseokpark.SwinjectTestTests;
				PRODUCT_NAME = "$(TARGET_NAME)";
				SWIFT_EMIT_LOC_STRINGS = NO;
				SWIFT_VERSION = 5.0;
				TARGETED_DEVICE_FAMILY = "1,2";
				TEST_HOST = "$(BUILT_PRODUCTS_DIR)/SwinjectTest.app/SwinjectTest";
			};
			name = Debug;
		};
		03618526278DD09D00F1F16B /* Release */ = {
			isa = XCBuildConfiguration;
			baseConfigurationReference = A501DD675639113BE738BA2C /* Pods-SwinjectTestTests.release.xcconfig */;
			buildSettings = {
				ALWAYS_EMBED_SWIFT_STANDARD_LIBRARIES = YES;
				BUNDLE_LOADER = "$(TEST_HOST)";
				CODE_SIGN_STYLE = Automatic;
				CURRENT_PROJECT_VERSION = 1;
				DEVELOPMENT_TEAM = MBAJ2NCPU9;
				GENERATE_INFOPLIST_FILE = YES;
				IPHONEOS_DEPLOYMENT_TARGET = 15.2;
				MARKETING_VERSION = 1.0;
				PRODUCT_BUNDLE_IDENTIFIER = com.hyungseokpark.SwinjectTestTests;
				PRODUCT_NAME = "$(TARGET_NAME)";
				SWIFT_EMIT_LOC_STRINGS = NO;
				SWIFT_VERSION = 5.0;
				TARGETED_DEVICE_FAMILY = "1,2";
				TEST_HOST = "$(BUILT_PRODUCTS_DIR)/SwinjectTest.app/SwinjectTest";
			};
			name = Release;
		};
		03618528278DD09D00F1F16B /* Debug */ = {
			isa = XCBuildConfiguration;
			baseConfigurationReference = C20085D0226B86025876C404 /* Pods-SwinjectTest-SwinjectTestUITests.debug.xcconfig */;
			buildSettings = {
				ALWAYS_EMBED_SWIFT_STANDARD_LIBRARIES = YES;
				CODE_SIGN_STYLE = Automatic;
				CURRENT_PROJECT_VERSION = 1;
				DEVELOPMENT_TEAM = MBAJ2NCPU9;
				GENERATE_INFOPLIST_FILE = YES;
				MARKETING_VERSION = 1.0;
				PRODUCT_BUNDLE_IDENTIFIER = com.hyungseokpark.SwinjectTestUITests;
				PRODUCT_NAME = "$(TARGET_NAME)";
				SWIFT_EMIT_LOC_STRINGS = NO;
				SWIFT_VERSION = 5.0;
				TARGETED_DEVICE_FAMILY = "1,2";
				TEST_TARGET_NAME = SwinjectTest;
			};
			name = Debug;
		};
		03618529278DD09D00F1F16B /* Release */ = {
			isa = XCBuildConfiguration;
			baseConfigurationReference = 0310512B5026000D4AA1CABB /* Pods-SwinjectTest-SwinjectTestUITests.release.xcconfig */;
			buildSettings = {
				ALWAYS_EMBED_SWIFT_STANDARD_LIBRARIES = YES;
				CODE_SIGN_STYLE = Automatic;
				CURRENT_PROJECT_VERSION = 1;
				DEVELOPMENT_TEAM = MBAJ2NCPU9;
				GENERATE_INFOPLIST_FILE = YES;
				MARKETING_VERSION = 1.0;
				PRODUCT_BUNDLE_IDENTIFIER = com.hyungseokpark.SwinjectTestUITests;
				PRODUCT_NAME = "$(TARGET_NAME)";
				SWIFT_EMIT_LOC_STRINGS = NO;
				SWIFT_VERSION = 5.0;
				TARGETED_DEVICE_FAMILY = "1,2";
				TEST_TARGET_NAME = SwinjectTest;
			};
			name = Release;
		};
/* End XCBuildConfiguration section */

/* Begin XCConfigurationList section */
		036184F2278DD09900F1F16B /* Build configuration list for PBXProject "SwinjectTest" */ = {
			isa = XCConfigurationList;
			buildConfigurations = (
				0361851F278DD09D00F1F16B /* Debug */,
				03618520278DD09D00F1F16B /* Release */,
			);
			defaultConfigurationIsVisible = 0;
			defaultConfigurationName = Release;
		};
		03618521278DD09D00F1F16B /* Build configuration list for PBXNativeTarget "SwinjectTest" */ = {
			isa = XCConfigurationList;
			buildConfigurations = (
				03618522278DD09D00F1F16B /* Debug */,
				03618523278DD09D00F1F16B /* Release */,
			);
			defaultConfigurationIsVisible = 0;
			defaultConfigurationName = Release;
		};
		03618524278DD09D00F1F16B /* Build configuration list for PBXNativeTarget "SwinjectTestTests" */ = {
			isa = XCConfigurationList;
			buildConfigurations = (
				03618525278DD09D00F1F16B /* Debug */,
				03618526278DD09D00F1F16B /* Release */,
			);
			defaultConfigurationIsVisible = 0;
			defaultConfigurationName = Release;
		};
		03618527278DD09D00F1F16B /* Build configuration list for PBXNativeTarget "SwinjectTestUITests" */ = {
			isa = XCConfigurationList;
			buildConfigurations = (
				03618528278DD09D00F1F16B /* Debug */,
				03618529278DD09D00F1F16B /* Release */,
			);
			defaultConfigurationIsVisible = 0;
			defaultConfigurationName = Release;
		};
/* End XCConfigurationList section */
	};
	rootObject = 036184EF278DD09900F1F16B /* Project object */;
}
