PODS:
  - Pure (1.1.4):
    - Pure/Core (= 1.1.4)
  - Pure/Core (1.1.4)
  - ReactorKit (3.1.0):
    - RxSwift (~> 6.0)
    - WeakMapTable (~> 1.1)
  - ReusableKit (3.0.0):
    - ReusableKit/Core (= 3.0.0)
  - ReusableKit/Core (3.0.0)
  - RxCocoa (6.2.0):
    - RxRelay (= 6.2.0)
    - RxSwift (= 6.2.0)
  - RxRelay (6.2.0):
    - RxSwift (= 6.2.0)
  - RxSwift (6.2.0)
  - Swinject (2.8.1)
  - WeakMapTable (1.2.0)

DEPENDENCIES:
  - Pure
  - ReactorKit
  - ReusableKit
  - RxCocoa
  - RxSwift
  - Swinject

SPEC REPOS:
  trunk:
    - Pure
    - ReactorKit
    - ReusableKit
    - RxCocoa
    - RxRelay
    - RxSwift
    - Swinject
    - WeakMapTable

SPEC CHECKSUMS:
  Pure: 82d6f4438672a41d21ea6fadd126e1466db001c5
  ReactorKit: a06dd2a5c9339287aedf3dc821cfab6347eca106
  ReusableKit: e5f853ad4652e411f96b6119b2488afa12929be6
  RxCocoa: 4baf94bb35f2c0ab31bc0cb9f1900155f646ba42
  RxRelay: e72dbfd157807478401ef1982e1c61c945c94b2f
  RxSwift: d356ab7bee873611322f134c5f9ef379fa183d8f
  Swinject: 97112918bd7e0785dc2df7036213f3c8cbba6586
  WeakMapTable: 05c694ce8439a7a9ebabb56187287a63c57673d6

PODFILE CHECKSUM: cba7d74b46c07f39193e3c4465c4968bf8a4a77e

COCOAPODS: 1.11.2
